
Microsoft Visual Studio Solution File, Format Version 12.00
# Visual Studio Version 16
VisualStudioVersion = 16.0.29230.47
MinimumVisualStudioVersion = 10.0.40219.1
Project("{8BC9CEB8-8B4A-11D0-8D11-00A0C91BC942}") = "CS325_BlosserWeek6Assignment", "CS325_BlosserWeek6Assignment\CS325_BlosserWeek6Assignment.vcxproj", "{51F0C650-6E13-4743-8423-0F8E72D749D0}"
EndProject
Global
	GlobalSection(SolutionConfigurationPlatforms) = preSolution
		Debug|x64 = Debug|x64
		Debug|x86 = Debug|x86
		Release|x64 = Release|x64
		Release|x86 = Release|x86
	EndGlobalSection
	GlobalSection(ProjectConfigurationPlatforms) = postSolution
		{51F0C650-6E13-4743-8423-0F8E72D749D0}.Debug|x64.ActiveCfg = Debug|x64
		{51F0C650-6E13-4743-8423-0F8E72D749D0}.Debug|x64.Build.0 = Debug|x64
		{51F0C650-6E13-4743-8423-0F8E72D749D0}.Debug|x86.ActiveCfg = Debug|Win32
		{51F0C650-6E13-4743-8423-0F8E72D749D0}.Debug|x86.Build.0 = Debug|Win32
		{51F0C650-6E13-4743-8423-0F8E72D749D0}.Release|x64.ActiveCfg = Release|x64
		{51F0C650-6E13-4743-8423-0F8E72D749D0}.Release|x64.Build.0 = Release|x64
		{51F0C650-6E13-4743-8423-0F8E72D749D0}.Release|x86.ActiveCfg = Release|Win32
		{51F0C650-6E13-4743-8423-0F8E72D749D0}.Release|x86.Build.0 = Release|Win32
	EndGlobalSection
	GlobalSection(SolutionProperties) = preSolution
		HideSolutionNode = FALSE
	EndGlobalSection
	GlobalSection(ExtensibilityGlobals) = postSolution
		SolutionGuid = {17005F47-4BF9-471D-AC61-2ECC6A6330F4}
	EndGlobalSection
EndGlobal
